
Microsoft Visual Studio Solution File, Format Version 12.00
# Visual Studio Version 16
VisualStudioVersion = 16.0.31402.337
MinimumVisualStudioVersion = 10.0.40219.1
Project("{9A19103F-16F7-4668-BE54-9A1E7A4F7556}") = "Circuit_Simulator", "Circuit_Simulator\Circuit_Simulator.csproj", "{6AE52FE5-920C-4683-9272-62664274C021}"
EndProject
Global
	GlobalSection(SolutionConfigurationPlatforms) = preSolution
		Debug|Any CPU = Debug|Any CPU
		Release|Any CPU = Release|Any CPU
	EndGlobalSection
	GlobalSection(ProjectConfigurationPlatforms) = postSolution
		{6AE52FE5-920C-4683-9272-62664274C021}.Debug|Any CPU.ActiveCfg = Debug|Any CPU
		{6AE52FE5-920C-4683-9272-62664274C021}.Debug|Any CPU.Build.0 = Debug|Any CPU
		{6AE52FE5-920C-4683-9272-62664274C021}.Release|Any CPU.ActiveCfg = Release|Any CPU
		{6AE52FE5-920C-4683-9272-62664274C021}.Release|Any CPU.Build.0 = Release|Any CPU
	EndGlobalSection
	GlobalSection(SolutionProperties) = preSolution
		HideSolutionNode = FALSE
	EndGlobalSection
	GlobalSection(ExtensibilityGlobals) = postSolution
		SolutionGuid = {29BEDDE7-77F4-40EE-BA17-208CE71CE6BD}
	EndGlobalSection
EndGlobal
